
Microsoft Visual Studio Solution File, Format Version 12.00
# Visual Studio 15
Project("{FAE04EC0-301F-11D3-BF4B-00C04F79EFBC}") = "2fa", "2fa.csproj", "{877BB47E-881D-43BA-9AE0-C95B47413941}"
EndProject
Global
	GlobalSection(SolutionConfigurationPlatforms) = preSolution
		Debug|anycpu = Debug|anycpu
		Release|anycpu = Release|anycpu
	EndGlobalSection
	GlobalSection(ProjectConfigurationPlatforms) = postSolution
		{877BB47E-881D-43BA-9AE0-C95B47413941}.Debug|anycpu.ActiveCfg = Debug|anycpu
		{877BB47E-881D-43BA-9AE0-C95B47413941}.Debug|anycpu.Build.0 = Debug|anycpu
		{877BB47E-881D-43BA-9AE0-C95B47413941}.Release|anycpu.ActiveCfg = Release|anycpu
		{877BB47E-881D-43BA-9AE0-C95B47413941}.Release|anycpu.Build.0 = Release|anycpu
	EndGlobalSection
EndGlobal
